{
  "object": {
    "pins": [
      {
        "package": "swift-tools-support-core",
        "repositoryURL": "https://github.com/apple/swift-tools-support-core.git",
        "state": {
          "branch": null,
          "revision": "693aba4c4c9dcc4767cc853a0dd38bf90ad8c258",
          "version": "0.0.1"
        }
      },
      {
        "package": "SwiftSoup",
        "repositoryURL": "https://github.com/scinfu/SwiftSoup.git",
        "state": {
          "branch": null,
          "revision": "7f187fd8804e63dea89879c95d7c2f7703727d0f",
          "version": "2.3.0"
        }
      }
    ]
  },
  "version": 1
}
